
Microsoft Visual Studio Solution File, Format Version 12.00
# Visual Studio Version 16
VisualStudioVersion = 16.0.29509.3
MinimumVisualStudioVersion = 10.0.40219.1
Project("{FAE04EC0-301F-11D3-BF4B-00C04F79EFBC}") = "Online_Flight_Booking_Final", "Online_Flight_Booking_Final.csproj", "{8CBDB39D-A649-4BC3-9BCB-2436559F535B}"
EndProject
Global
	GlobalSection(SolutionConfigurationPlatforms) = preSolution
		Debug|Any CPU = Debug|Any CPU
		Release|Any CPU = Release|Any CPU
	EndGlobalSection
	GlobalSection(ProjectConfigurationPlatforms) = postSolution
		{8CBDB39D-A649-4BC3-9BCB-2436559F535B}.Debug|Any CPU.ActiveCfg = Debug|Any CPU
		{8CBDB39D-A649-4BC3-9BCB-2436559F535B}.Debug|Any CPU.Build.0 = Debug|Any CPU
		{8CBDB39D-A649-4BC3-9BCB-2436559F535B}.Release|Any CPU.ActiveCfg = Release|Any CPU
		{8CBDB39D-A649-4BC3-9BCB-2436559F535B}.Release|Any CPU.Build.0 = Release|Any CPU
	EndGlobalSection
	GlobalSection(SolutionProperties) = preSolution
		HideSolutionNode = FALSE
	EndGlobalSection
	GlobalSection(ExtensibilityGlobals) = postSolution
		SolutionGuid = {40DCA550-891A-4FAA-BD17-6E6045E1832C}
	EndGlobalSection
EndGlobal
